// !$*UTF8*$!
{
	archiveVersion = 1;
	classes = {
	};
	objectVersion = 46;
	objects = {

/* Begin PBXBuildFile section */
		350FA4DF1FA315DD0097EE24 /* AppDelegate.m in Sources */ = {isa = PBXBuildFile; fileRef = 350FA4DE1FA315DD0097EE24 /* AppDelegate.m */; };
		350FA4E21FA315DD0097EE24 /* main.m in Sources */ = {isa = PBXBuildFile; fileRef = 350FA4E11FA315DD0097EE24 /* main.m */; };
		350FA4E51FA315DD0097EE24 /* ViewController.m in Sources */ = {isa = PBXBuildFile; fileRef = 350FA4E41FA315DD0097EE24 /* ViewController.m */; };
		350FA4E71FA315DD0097EE24 /* Assets.xcassets in Resources */ = {isa = PBXBuildFile; fileRef = 350FA4E61FA315DD0097EE24 /* Assets.xcassets */; };
		350FA4EA1FA315DD0097EE24 /* Main.storyboard in Resources */ = {isa = PBXBuildFile; fileRef = 350FA4E81FA315DD0097EE24 /* Main.storyboard */; };
		350FA4F41FA316550097EE24 /* SFImageButton.m in Sources */ = {isa = PBXBuildFile; fileRef = 350FA4F31FA316550097EE24 /* SFImageButton.m */; };
		350FA4F71FA3167F0097EE24 /* RecordButton.m in Sources */ = {isa = PBXBuildFile; fileRef = 350FA4F61FA3167F0097EE24 /* RecordButton.m */; };
		350FA5011FA319BE0097EE24 /* ViewFrameAccessor.m in Sources */ = {isa = PBXBuildFile; fileRef = 350FA5001FA319BE0097EE24 /* ViewFrameAccessor.m */; };
		350FA5061FA34A650097EE24 /* input_voice_n.png in Resources */ = {isa = PBXBuildFile; fileRef = 350FA5051FA34A650097EE24 /* input_voice_n.png */; };
		350FA5081FA34AA10097EE24 /* input_voice_n@2x.jpeg in Resources */ = {isa = PBXBuildFile; fileRef = 350FA5071FA34AA10097EE24 /* input_voice_n@2x.jpeg */; };
		35876DC01FB2F15D00D34BCC /* AVFoundation.framework in Frameworks */ = {isa = PBXBuildFile; fileRef = 35876DBF1FB2F15D00D34BCC /* AVFoundation.framework */; };
		35876DD51FB4413700D34BCC /* IPPlayWaveView.m in Sources */ = {isa = PBXBuildFile; fileRef = 35876DD41FB4413700D34BCC /* IPPlayWaveView.m */; };
		35A4210C1FB9992100349272 /* EZAudio.m in Sources */ = {isa = PBXBuildFile; fileRef = 35A420EA1FB9992100349272 /* EZAudio.m */; };
		35A4210D1FB9992100349272 /* EZAudioDevice.m in Sources */ = {isa = PBXBuildFile; fileRef = 35A420EC1FB9992100349272 /* EZAudioDevice.m */; };
		35A4210E1FB9992100349272 /* EZAudioDisplayLink.m in Sources */ = {isa = PBXBuildFile; fileRef = 35A420EE1FB9992100349272 /* EZAudioDisplayLink.m */; };
		35A4210F1FB9992100349272 /* EZAudioFFT.m in Sources */ = {isa = PBXBuildFile; fileRef = 35A420F01FB9992100349272 /* EZAudioFFT.m */; };
		35A421101FB9992100349272 /* EZAudioFile.m in Sources */ = {isa = PBXBuildFile; fileRef = 35A420F21FB9992100349272 /* EZAudioFile.m */; };
		35A421111FB9992100349272 /* EZAudioFloatConverter.m in Sources */ = {isa = PBXBuildFile; fileRef = 35A420F41FB9992100349272 /* EZAudioFloatConverter.m */; };
		35A421121FB9992100349272 /* EZAudioFloatData.m in Sources */ = {isa = PBXBuildFile; fileRef = 35A420F61FB9992100349272 /* EZAudioFloatData.m */; };
		35A421131FB9992100349272 /* EZAudioPlayer.m in Sources */ = {isa = PBXBuildFile; fileRef = 35A420FA1FB9992100349272 /* EZAudioPlayer.m */; };
		35A421141FB9992100349272 /* EZAudioPlot.m in Sources */ = {isa = PBXBuildFile; fileRef = 35A420FC1FB9992100349272 /* EZAudioPlot.m */; };
		35A421151FB9992100349272 /* EZAudioPlotGL.m in Sources */ = {isa = PBXBuildFile; fileRef = 35A420FE1FB9992100349272 /* EZAudioPlotGL.m */; };
		35A421161FB9992100349272 /* EZAudioUtilities.m in Sources */ = {isa = PBXBuildFile; fileRef = 35A421001FB9992100349272 /* EZAudioUtilities.m */; };
		35A421171FB9992100349272 /* EZMicrophone.m in Sources */ = {isa = PBXBuildFile; fileRef = 35A421021FB9992100349272 /* EZMicrophone.m */; };
		35A421181FB9992100349272 /* EZOutput.m in Sources */ = {isa = PBXBuildFile; fileRef = 35A421041FB9992100349272 /* EZOutput.m */; };
		35A421191FB9992100349272 /* EZPlot.m in Sources */ = {isa = PBXBuildFile; fileRef = 35A421061FB9992100349272 /* EZPlot.m */; };
		35A4211A1FB9992100349272 /* EZRecorder.m in Sources */ = {isa = PBXBuildFile; fileRef = 35A421081FB9992100349272 /* EZRecorder.m */; };
		35A4211B1FB9992100349272 /* Info.plist in Resources */ = {isa = PBXBuildFile; fileRef = 35A421091FB9992100349272 /* Info.plist */; };
		35A4211C1FB9992100349272 /* TPCircularBuffer.c in Sources */ = {isa = PBXBuildFile; fileRef = 35A4210A1FB9992100349272 /* TPCircularBuffer.c */; };
		35A4211E1FB9993D00349272 /* Accelerate.framework in Frameworks */ = {isa = PBXBuildFile; fileRef = 35A4211D1FB9993D00349272 /* Accelerate.framework */; };
		35A421211FB9994A00349272 /* AudioToolbox.framework in Frameworks */ = {isa = PBXBuildFile; fileRef = 35A4211F1FB9994A00349272 /* AudioToolbox.framework */; };
		35A421221FB9994A00349272 /* AudioUnit.framework in Frameworks */ = {isa = PBXBuildFile; fileRef = 35A421201FB9994A00349272 /* AudioUnit.framework */; };
		35A421241FB9995000349272 /* CoreAudio.framework in Frameworks */ = {isa = PBXBuildFile; fileRef = 35A421231FB9995000349272 /* CoreAudio.framework */; };
		35A421261FB9995600349272 /* QuartzCore.framework in Frameworks */ = {isa = PBXBuildFile; fileRef = 35A421251FB9995600349272 /* QuartzCore.framework */; };
		35A421281FB9995D00349272 /* OpenGL.framework in Frameworks */ = {isa = PBXBuildFile; fileRef = 35A421271FB9995D00349272 /* OpenGL.framework */; };
		35A4212A1FB9996100349272 /* GLKit.framework in Frameworks */ = {isa = PBXBuildFile; fileRef = 35A421291FB9996100349272 /* GLKit.framework */; };
		35A421381FBAC02D00349272 /* input_voice.png in Resources */ = {isa = PBXBuildFile; fileRef = 35A421361FBAC02D00349272 /* input_voice.png */; };
		35A421391FBAC02D00349272 /* input_voice@2x.png in Resources */ = {isa = PBXBuildFile; fileRef = 35A421371FBAC02D00349272 /* input_voice@2x.png */; };
		35A4213C1FBACC1D00349272 /* IPAudioPlayView.m in Sources */ = {isa = PBXBuildFile; fileRef = 35A4213B1FBACC1D00349272 /* IPAudioPlayView.m */; };
/* End PBXBuildFile section */

/* Begin PBXFileReference section */
		350FA4DA1FA315DD0097EE24 /* IPRecordAnimationDemo.app */ = {isa = PBXFileReference; explicitFileType = wrapper.application; includeInIndex = 0; path = IPRecordAnimationDemo.app; sourceTree = BUILT_PRODUCTS_DIR; };
		350FA4DD1FA315DD0097EE24 /* AppDelegate.h */ = {isa = PBXFileReference; lastKnownFileType = sourcecode.c.h; path = AppDelegate.h; sourceTree = "<group>"; };
		350FA4DE1FA315DD0097EE24 /* AppDelegate.m */ = {isa = PBXFileReference; lastKnownFileType = sourcecode.c.objc; path = AppDelegate.m; sourceTree = "<group>"; };
		350FA4E11FA315DD0097EE24 /* main.m */ = {isa = PBXFileReference; lastKnownFileType = sourcecode.c.objc; path = main.m; sourceTree = "<group>"; };
		350FA4E31FA315DD0097EE24 /* ViewController.h */ = {isa = PBXFileReference; lastKnownFileType = sourcecode.c.h; path = ViewController.h; sourceTree = "<group>"; };
		350FA4E41FA315DD0097EE24 /* ViewController.m */ = {isa = PBXFileReference; lastKnownFileType = sourcecode.c.objc; path = ViewController.m; sourceTree = "<group>"; };
		350FA4E61FA315DD0097EE24 /* Assets.xcassets */ = {isa = PBXFileReference; lastKnownFileType = folder.assetcatalog; path = Assets.xcassets; sourceTree = "<group>"; };
		350FA4E91FA315DD0097EE24 /* Base */ = {isa = PBXFileReference; lastKnownFileType = file.storyboard; name = Base; path = Base.lproj/Main.storyboard; sourceTree = "<group>"; };
		350FA4EB1FA315DD0097EE24 /* Info.plist */ = {isa = PBXFileReference; lastKnownFileType = text.plist.xml; path = Info.plist; sourceTree = "<group>"; };
		350FA4F21FA316550097EE24 /* SFImageButton.h */ = {isa = PBXFileReference; fileEncoding = 4; lastKnownFileType = sourcecode.c.h; path = SFImageButton.h; sourceTree = "<group>"; };
		350FA4F31FA316550097EE24 /* SFImageButton.m */ = {isa = PBXFileReference; fileEncoding = 4; lastKnownFileType = sourcecode.c.objc; path = SFImageButton.m; sourceTree = "<group>"; };
		350FA4F51FA3167F0097EE24 /* RecordButton.h */ = {isa = PBXFileReference; fileEncoding = 4; lastKnownFileType = sourcecode.c.h; path = RecordButton.h; sourceTree = "<group>"; };
		350FA4F61FA3167F0097EE24 /* RecordButton.m */ = {isa = PBXFileReference; fileEncoding = 4; lastKnownFileType = sourcecode.c.objc; path = RecordButton.m; sourceTree = "<group>"; };
		350FA4FE1FA319BE0097EE24 /* FrameAccessor.h */ = {isa = PBXFileReference; fileEncoding = 4; lastKnownFileType = sourcecode.c.h; path = FrameAccessor.h; sourceTree = "<group>"; };
		350FA4FF1FA319BE0097EE24 /* ViewFrameAccessor.h */ = {isa = PBXFileReference; fileEncoding = 4; lastKnownFileType = sourcecode.c.h; path = ViewFrameAccessor.h; sourceTree = "<group>"; };
		350FA5001FA319BE0097EE24 /* ViewFrameAccessor.m */ = {isa = PBXFileReference; fileEncoding = 4; lastKnownFileType = sourcecode.c.objc; path = ViewFrameAccessor.m; sourceTree = "<group>"; };
		350FA5051FA34A650097EE24 /* input_voice_n.png */ = {isa = PBXFileReference; lastKnownFileType = image.png; path = input_voice_n.png; sourceTree = "<group>"; };
		350FA5071FA34AA10097EE24 /* input_voice_n@2x.jpeg */ = {isa = PBXFileReference; lastKnownFileType = image.jpeg; path = "input_voice_n@2x.jpeg"; sourceTree = "<group>"; };
		35876DBF1FB2F15D00D34BCC /* AVFoundation.framework */ = {isa = PBXFileReference; lastKnownFileType = wrapper.framework; name = AVFoundation.framework; path = System/Library/Frameworks/AVFoundation.framework; sourceTree = SDKROOT; };
		35876DD31FB4413700D34BCC /* IPPlayWaveView.h */ = {isa = PBXFileReference; fileEncoding = 4; lastKnownFileType = sourcecode.c.h; path = IPPlayWaveView.h; sourceTree = "<group>"; };
		35876DD41FB4413700D34BCC /* IPPlayWaveView.m */ = {isa = PBXFileReference; fileEncoding = 4; lastKnownFileType = sourcecode.c.objc; path = IPPlayWaveView.m; sourceTree = "<group>"; };
		35A420E91FB9992100349272 /* EZAudio.h */ = {isa = PBXFileReference; fileEncoding = 4; lastKnownFileType = sourcecode.c.h; path = EZAudio.h; sourceTree = "<group>"; };
		35A420EA1FB9992100349272 /* EZAudio.m */ = {isa = PBXFileReference; fileEncoding = 4; lastKnownFileType = sourcecode.c.objc; path = EZAudio.m; sourceTree = "<group>"; };
		35A420EB1FB9992100349272 /* EZAudioDevice.h */ = {isa = PBXFileReference; fileEncoding = 4; lastKnownFileType = sourcecode.c.h; path = EZAudioDevice.h; sourceTree = "<group>"; };
		35A420EC1FB9992100349272 /* EZAudioDevice.m */ = {isa = PBXFileReference; fileEncoding = 4; lastKnownFileType = sourcecode.c.objc; path = EZAudioDevice.m; sourceTree = "<group>"; };
		35A420ED1FB9992100349272 /* EZAudioDisplayLink.h */ = {isa = PBXFileReference; fileEncoding = 4; lastKnownFileType = sourcecode.c.h; path = EZAudioDisplayLink.h; sourceTree = "<group>"; };
		35A420EE1FB9992100349272 /* EZAudioDisplayLink.m */ = {isa = PBXFileReference; fileEncoding = 4; lastKnownFileType = sourcecode.c.objc; path = EZAudioDisplayLink.m; sourceTree = "<group>"; };
		35A420EF1FB9992100349272 /* EZAudioFFT.h */ = {isa = PBXFileReference; fileEncoding = 4; lastKnownFileType = sourcecode.c.h; path = EZAudioFFT.h; sourceTree = "<group>"; };
		35A420F01FB9992100349272 /* EZAudioFFT.m */ = {isa = PBXFileReference; fileEncoding = 4; lastKnownFileType = sourcecode.c.objc; path = EZAudioFFT.m; sourceTree = "<group>"; };
		35A420F11FB9992100349272 /* EZAudioFile.h */ = {isa = PBXFileReference; fileEncoding = 4; lastKnownFileType = sourcecode.c.h; path = EZAudioFile.h; sourceTree = "<group>"; };
		35A420F21FB9992100349272 /* EZAudioFile.m */ = {isa = PBXFileReference; fileEncoding = 4; lastKnownFileType = sourcecode.c.objc; path = EZAudioFile.m; sourceTree = "<group>"; };
		35A420F31FB9992100349272 /* EZAudioFloatConverter.h */ = {isa = PBXFileReference; fileEncoding = 4; lastKnownFileType = sourcecode.c.h; path = EZAudioFloatConverter.h; sourceTree = "<group>"; };
		35A420F41FB9992100349272 /* EZAudioFloatConverter.m */ = {isa = PBXFileReference; fileEncoding = 4; lastKnownFileType = sourcecode.c.objc; path = EZAudioFloatConverter.m; sourceTree = "<group>"; };
		35A420F51FB9992100349272 /* EZAudioFloatData.h */ = {isa = PBXFileReference; fileEncoding = 4; lastKnownFileType = sourcecode.c.h; path = EZAudioFloatData.h; sourceTree = "<group>"; };
		35A420F61FB9992100349272 /* EZAudioFloatData.m */ = {isa = PBXFileReference; fileEncoding = 4; lastKnownFileType = sourcecode.c.objc; path = EZAudioFloatData.m; sourceTree = "<group>"; };
		35A420F71FB9992100349272 /* EZAudioiOS.h */ = {isa = PBXFileReference; fileEncoding = 4; lastKnownFileType = sourcecode.c.h; path = EZAudioiOS.h; sourceTree = "<group>"; };
		35A420F81FB9992100349272 /* EZAudioOSX.h */ = {isa = PBXFileReference; fileEncoding = 4; lastKnownFileType = sourcecode.c.h; path = EZAudioOSX.h; sourceTree = "<group>"; };
		35A420F91FB9992100349272 /* EZAudioPlayer.h */ = {isa = PBXFileReference; fileEncoding = 4; lastKnownFileType = sourcecode.c.h; path = EZAudioPlayer.h; sourceTree = "<group>"; };
		35A420FA1FB9992100349272 /* EZAudioPlayer.m */ = {isa = PBXFileReference; fileEncoding = 4; lastKnownFileType = sourcecode.c.objc; path = EZAudioPlayer.m; sourceTree = "<group>"; };
		35A420FB1FB9992100349272 /* EZAudioPlot.h */ = {isa = PBXFileReference; fileEncoding = 4; lastKnownFileType = sourcecode.c.h; path = EZAudioPlot.h; sourceTree = "<group>"; };
		35A420FC1FB9992100349272 /* EZAudioPlot.m */ = {isa = PBXFileReference; fileEncoding = 4; lastKnownFileType = sourcecode.c.objc; path = EZAudioPlot.m; sourceTree = "<group>"; };
		35A420FD1FB9992100349272 /* EZAudioPlotGL.h */ = {isa = PBXFileReference; fileEncoding = 4; lastKnownFileType = sourcecode.c.h; path = EZAudioPlotGL.h; sourceTree = "<group>"; };
		35A420FE1FB9992100349272 /* EZAudioPlotGL.m */ = {isa = PBXFileReference; fileEncoding = 4; lastKnownFileType = sourcecode.c.objc; path = EZAudioPlotGL.m; sourceTree = "<group>"; };
		35A420FF1FB9992100349272 /* EZAudioUtilities.h */ = {isa = PBXFileReference; fileEncoding = 4; lastKnownFileType = sourcecode.c.h; path = EZAudioUtilities.h; sourceTree = "<group>"; };
		35A421001FB9992100349272 /* EZAudioUtilities.m */ = {isa = PBXFileReference; fileEncoding = 4; lastKnownFileType = sourcecode.c.objc; path = EZAudioUtilities.m; sourceTree = "<group>"; };
		35A421011FB9992100349272 /* EZMicrophone.h */ = {isa = PBXFileReference; fileEncoding = 4; lastKnownFileType = sourcecode.c.h; path = EZMicrophone.h; sourceTree = "<group>"; };
		35A421021FB9992100349272 /* EZMicrophone.m */ = {isa = PBXFileReference; fileEncoding = 4; lastKnownFileType = sourcecode.c.objc; path = EZMicrophone.m; sourceTree = "<group>"; };
		35A421031FB9992100349272 /* EZOutput.h */ = {isa = PBXFileReference; fileEncoding = 4; lastKnownFileType = sourcecode.c.h; path = EZOutput.h; sourceTree = "<group>"; };
		35A421041FB9992100349272 /* EZOutput.m */ = {isa = PBXFileReference; fileEncoding = 4; lastKnownFileType = sourcecode.c.objc; path = EZOutput.m; sourceTree = "<group>"; };
		35A421051FB9992100349272 /* EZPlot.h */ = {isa = PBXFileReference; fileEncoding = 4; lastKnownFileType = sourcecode.c.h; path = EZPlot.h; sourceTree = "<group>"; };
		35A421061FB9992100349272 /* EZPlot.m */ = {isa = PBXFileReference; fileEncoding = 4; lastKnownFileType = sourcecode.c.objc; path = EZPlot.m; sourceTree = "<group>"; };
		35A421071FB9992100349272 /* EZRecorder.h */ = {isa = PBXFileReference; fileEncoding = 4; lastKnownFileType = sourcecode.c.h; path = EZRecorder.h; sourceTree = "<group>"; };
		35A421081FB9992100349272 /* EZRecorder.m */ = {isa = PBXFileReference; fileEncoding = 4; lastKnownFileType = sourcecode.c.objc; path = EZRecorder.m; sourceTree = "<group>"; };
		35A421091FB9992100349272 /* Info.plist */ = {isa = PBXFileReference; fileEncoding = 4; lastKnownFileType = text.plist.xml; path = Info.plist; sourceTree = "<group>"; };
		35A4210A1FB9992100349272 /* TPCircularBuffer.c */ = {isa = PBXFileReference; fileEncoding = 4; lastKnownFileType = sourcecode.c.c; path = TPCircularBuffer.c; sourceTree = "<group>"; };
		35A4210B1FB9992100349272 /* TPCircularBuffer.h */ = {isa = PBXFileReference; fileEncoding = 4; lastKnownFileType = sourcecode.c.h; path = TPCircularBuffer.h; sourceTree = "<group>"; };
		35A4211D1FB9993D00349272 /* Accelerate.framework */ = {isa = PBXFileReference; lastKnownFileType = wrapper.framework; name = Accelerate.framework; path = System/Library/Frameworks/Accelerate.framework; sourceTree = SDKROOT; };
		35A4211F1FB9994A00349272 /* AudioToolbox.framework */ = {isa = PBXFileReference; lastKnownFileType = wrapper.framework; name = AudioToolbox.framework; path = System/Library/Frameworks/AudioToolbox.framework; sourceTree = SDKROOT; };
		35A421201FB9994A00349272 /* AudioUnit.framework */ = {isa = PBXFileReference; lastKnownFileType = wrapper.framework; name = AudioUnit.framework; path = System/Library/Frameworks/AudioUnit.framework; sourceTree = SDKROOT; };
		35A421231FB9995000349272 /* CoreAudio.framework */ = {isa = PBXFileReference; lastKnownFileType = wrapper.framework; name = CoreAudio.framework; path = System/Library/Frameworks/CoreAudio.framework; sourceTree = SDKROOT; };
		35A421251FB9995600349272 /* QuartzCore.framework */ = {isa = PBXFileReference; lastKnownFileType = wrapper.framework; name = QuartzCore.framework; path = System/Library/Frameworks/QuartzCore.framework; sourceTree = SDKROOT; };
		35A421271FB9995D00349272 /* OpenGL.framework */ = {isa = PBXFileReference; lastKnownFileType = wrapper.framework; name = OpenGL.framework; path = System/Library/Frameworks/OpenGL.framework; sourceTree = SDKROOT; };
		35A421291FB9996100349272 /* GLKit.framework */ = {isa = PBXFileReference; lastKnownFileType = wrapper.framework; name = GLKit.framework; path = System/Library/Frameworks/GLKit.framework; sourceTree = SDKROOT; };
		35A421361FBAC02D00349272 /* input_voice.png */ = {isa = PBXFileReference; lastKnownFileType = image.png; path = input_voice.png; sourceTree = "<group>"; };
		35A421371FBAC02D00349272 /* input_voice@2x.png */ = {isa = PBXFileReference; lastKnownFileType = image.png; path = "input_voice@2x.png"; sourceTree = "<group>"; };
		35A4213A1FBACC1D00349272 /* IPAudioPlayView.h */ = {isa = PBXFileReference; fileEncoding = 4; lastKnownFileType = sourcecode.c.h; path = IPAudioPlayView.h; sourceTree = "<group>"; };
		35A4213B1FBACC1D00349272 /* IPAudioPlayView.m */ = {isa = PBXFileReference; fileEncoding = 4; lastKnownFileType = sourcecode.c.objc; path = IPAudioPlayView.m; sourceTree = "<group>"; };
/* End PBXFileReference section */

/* Begin PBXFrameworksBuildPhase section */
		350FA4D71FA315DD0097EE24 /* Frameworks */ = {
			isa = PBXFrameworksBuildPhase;
			buildActionMask = 2147483647;
			files = (
				35A4212A1FB9996100349272 /* GLKit.framework in Frameworks */,
				35A421281FB9995D00349272 /* OpenGL.framework in Frameworks */,
				35A421261FB9995600349272 /* QuartzCore.framework in Frameworks */,
				35A421241FB9995000349272 /* CoreAudio.framework in Frameworks */,
				35A421211FB9994A00349272 /* AudioToolbox.framework in Frameworks */,
				35A421221FB9994A00349272 /* AudioUnit.framework in Frameworks */,
				35A4211E1FB9993D00349272 /* Accelerate.framework in Frameworks */,
				35876DC01FB2F15D00D34BCC /* AVFoundation.framework in Frameworks */,
			);
			runOnlyForDeploymentPostprocessing = 0;
		};
/* End PBXFrameworksBuildPhase section */

/* Begin PBXGroup section */
		350FA4D11FA315DD0097EE24 = {
			isa = PBXGroup;
			children = (
				350FA4DC1FA315DD0097EE24 /* IPRecordAnimationDemo */,
				350FA4DB1FA315DD0097EE24 /* Products */,
				35876DBE1FB2F15D00D34BCC /* Frameworks */,
			);
			sourceTree = "<group>";
		};
		350FA4DB1FA315DD0097EE24 /* Products */ = {
			isa = PBXGroup;
			children = (
				350FA4DA1FA315DD0097EE24 /* IPRecordAnimationDemo.app */,
			);
			name = Products;
			sourceTree = "<group>";
		};
		350FA4DC1FA315DD0097EE24 /* IPRecordAnimationDemo */ = {
			isa = PBXGroup;
			children = (
				350FA4DD1FA315DD0097EE24 /* AppDelegate.h */,
				350FA4DE1FA315DD0097EE24 /* AppDelegate.m */,
				350FA4E31FA315DD0097EE24 /* ViewController.h */,
				350FA4E41FA315DD0097EE24 /* ViewController.m */,
				350FA4F51FA3167F0097EE24 /* RecordButton.h */,
				350FA4F61FA3167F0097EE24 /* RecordButton.m */,
				350FA4F21FA316550097EE24 /* SFImageButton.h */,
				350FA4F31FA316550097EE24 /* SFImageButton.m */,
				35A4213A1FBACC1D00349272 /* IPAudioPlayView.h */,
				35A4213B1FBACC1D00349272 /* IPAudioPlayView.m */,
				35876DD31FB4413700D34BCC /* IPPlayWaveView.h */,
				35876DD41FB4413700D34BCC /* IPPlayWaveView.m */,
				350FA4FC1FA319A90097EE24 /* 3rd */,
				350FA4E61FA315DD0097EE24 /* Assets.xcassets */,
				35A421361FBAC02D00349272 /* input_voice.png */,
				35A421371FBAC02D00349272 /* input_voice@2x.png */,
				350FA5051FA34A650097EE24 /* input_voice_n.png */,
				350FA5071FA34AA10097EE24 /* input_voice_n@2x.jpeg */,
				350FA4E81FA315DD0097EE24 /* Main.storyboard */,
				350FA4EB1FA315DD0097EE24 /* Info.plist */,
				350FA4E01FA315DD0097EE24 /* Supporting Files */,
			);
			path = IPRecordAnimationDemo;
			sourceTree = "<group>";
		};
		350FA4E01FA315DD0097EE24 /* Supporting Files */ = {
			isa = PBXGroup;
			children = (
				350FA4E11FA315DD0097EE24 /* main.m */,
			);
			name = "Supporting Files";
			sourceTree = "<group>";
		};
		350FA4FC1FA319A90097EE24 /* 3rd */ = {
			isa = PBXGroup;
			children = (
				35A420E81FB9992100349272 /* EZAudio */,
				350FA4FD1FA319BE0097EE24 /* FrameAccessor */,
			);
			name = 3rd;
			sourceTree = "<group>";
		};
		350FA4FD1FA319BE0097EE24 /* FrameAccessor */ = {
			isa = PBXGroup;
			children = (
				350FA4FE1FA319BE0097EE24 /* FrameAccessor.h */,
				350FA4FF1FA319BE0097EE24 /* ViewFrameAccessor.h */,
				350FA5001FA319BE0097EE24 /* ViewFrameAccessor.m */,
			);
			path = FrameAccessor;
			sourceTree = "<group>";
		};
		35876DBE1FB2F15D00D34BCC /* Frameworks */ = {
			isa = PBXGroup;
			children = (
				35A421291FB9996100349272 /* GLKit.framework */,
				35A421271FB9995D00349272 /* OpenGL.framework */,
				35A421251FB9995600349272 /* QuartzCore.framework */,
				35A421231FB9995000349272 /* CoreAudio.framework */,
				35A4211F1FB9994A00349272 /* AudioToolbox.framework */,
				35A421201FB9994A00349272 /* AudioUnit.framework */,
				35A4211D1FB9993D00349272 /* Accelerate.framework */,
				35876DBF1FB2F15D00D34BCC /* AVFoundation.framework */,
			);
			name = Frameworks;
			sourceTree = "<group>";
		};
		35A420E81FB9992100349272 /* EZAudio */ = {
			isa = PBXGroup;
			children = (
				35A420E91FB9992100349272 /* EZAudio.h */,
				35A420EA1FB9992100349272 /* EZAudio.m */,
				35A420EB1FB9992100349272 /* EZAudioDevice.h */,
				35A420EC1FB9992100349272 /* EZAudioDevice.m */,
				35A420ED1FB9992100349272 /* EZAudioDisplayLink.h */,
				35A420EE1FB9992100349272 /* EZAudioDisplayLink.m */,
				35A420EF1FB9992100349272 /* EZAudioFFT.h */,
				35A420F01FB9992100349272 /* EZAudioFFT.m */,
				35A420F11FB9992100349272 /* EZAudioFile.h */,
				35A420F21FB9992100349272 /* EZAudioFile.m */,
				35A420F31FB9992100349272 /* EZAudioFloatConverter.h */,
				35A420F41FB9992100349272 /* EZAudioFloatConverter.m */,
				35A420F51FB9992100349272 /* EZAudioFloatData.h */,
				35A420F61FB9992100349272 /* EZAudioFloatData.m */,
				35A420F71FB9992100349272 /* EZAudioiOS.h */,
				35A420F81FB9992100349272 /* EZAudioOSX.h */,
				35A420F91FB9992100349272 /* EZAudioPlayer.h */,
				35A420FA1FB9992100349272 /* EZAudioPlayer.m */,
				35A420FB1FB9992100349272 /* EZAudioPlot.h */,
				35A420FC1FB9992100349272 /* EZAudioPlot.m */,
				35A420FD1FB9992100349272 /* EZAudioPlotGL.h */,
				35A420FE1FB9992100349272 /* EZAudioPlotGL.m */,
				35A420FF1FB9992100349272 /* EZAudioUtilities.h */,
				35A421001FB9992100349272 /* EZAudioUtilities.m */,
				35A421011FB9992100349272 /* EZMicrophone.h */,
				35A421021FB9992100349272 /* EZMicrophone.m */,
				35A421031FB9992100349272 /* EZOutput.h */,
				35A421041FB9992100349272 /* EZOutput.m */,
				35A421051FB9992100349272 /* EZPlot.h */,
				35A421061FB9992100349272 /* EZPlot.m */,
				35A421071FB9992100349272 /* EZRecorder.h */,
				35A421081FB9992100349272 /* EZRecorder.m */,
				35A421091FB9992100349272 /* Info.plist */,
				35A4210A1FB9992100349272 /* TPCircularBuffer.c */,
				35A4210B1FB9992100349272 /* TPCircularBuffer.h */,
			);
			path = EZAudio;
			sourceTree = "<group>";
		};
/* End PBXGroup section */

/* Begin PBXNativeTarget section */
		350FA4D91FA315DD0097EE24 /* IPRecordAnimationDemo */ = {
			isa = PBXNativeTarget;
			buildConfigurationList = 350FA4EE1FA315DD0097EE24 /* Build configuration list for PBXNativeTarget "IPRecordAnimationDemo" */;
			buildPhases = (
				350FA4D61FA315DD0097EE24 /* Sources */,
				350FA4D71FA315DD0097EE24 /* Frameworks */,
				350FA4D81FA315DD0097EE24 /* Resources */,
			);
			buildRules = (
			);
			dependencies = (
			);
			name = IPRecordAnimationDemo;
			productName = IPRecordAnimationDemo;
			productReference = 350FA4DA1FA315DD0097EE24 /* IPRecordAnimationDemo.app */;
			productType = "com.apple.product-type.application";
		};
/* End PBXNativeTarget section */

/* Begin PBXProject section */
		350FA4D21FA315DD0097EE24 /* Project object */ = {
			isa = PBXProject;
			attributes = {
				LastUpgradeCheck = 0830;
				ORGANIZATIONNAME = LY;
				TargetAttributes = {
					350FA4D91FA315DD0097EE24 = {
						CreatedOnToolsVersion = 8.3.3;
						DevelopmentTeam = ET468ENYPG;
						ProvisioningStyle = Automatic;
					};
				};
			};
			buildConfigurationList = 350FA4D51FA315DD0097EE24 /* Build configuration list for PBXProject "IPRecordAnimationDemo" */;
			compatibilityVersion = "Xcode 3.2";
			developmentRegion = English;
			hasScannedForEncodings = 0;
			knownRegions = (
				en,
				Base,
			);
			mainGroup = 350FA4D11FA315DD0097EE24;
			productRefGroup = 350FA4DB1FA315DD0097EE24 /* Products */;
			projectDirPath = "";
			projectRoot = "";
			targets = (
				350FA4D91FA315DD0097EE24 /* IPRecordAnimationDemo */,
			);
		};
/* End PBXProject section */

/* Begin PBXResourcesBuildPhase section */
		350FA4D81FA315DD0097EE24 /* Resources */ = {
			isa = PBXResourcesBuildPhase;
			buildActionMask = 2147483647;
			files = (
				350FA4E71FA315DD0097EE24 /* Assets.xcassets in Resources */,
				350FA5081FA34AA10097EE24 /* input_voice_n@2x.jpeg in Resources */,
				35A421381FBAC02D00349272 /* input_voice.png in Resources */,
				35A4211B1FB9992100349272 /* Info.plist in Resources */,
				35A421391FBAC02D00349272 /* input_voice@2x.png in Resources */,
				350FA4EA1FA315DD0097EE24 /* Main.storyboard in Resources */,
				350FA5061FA34A650097EE24 /* input_voice_n.png in Resources */,
			);
			runOnlyForDeploymentPostprocessing = 0;
		};
/* End PBXResourcesBuildPhase section */

/* Begin PBXSourcesBuildPhase section */
		350FA4D61FA315DD0097EE24 /* Sources */ = {
			isa = PBXSourcesBuildPhase;
			buildActionMask = 2147483647;
			files = (
				350FA4F71FA3167F0097EE24 /* RecordButton.m in Sources */,
				35A4211C1FB9992100349272 /* TPCircularBuffer.c in Sources */,
				35876DD51FB4413700D34BCC /* IPPlayWaveView.m in Sources */,
				350FA4E51FA315DD0097EE24 /* ViewController.m in Sources */,
				35A421191FB9992100349272 /* EZPlot.m in Sources */,
				35A4210D1FB9992100349272 /* EZAudioDevice.m in Sources */,
				35A421161FB9992100349272 /* EZAudioUtilities.m in Sources */,
				35A4211A1FB9992100349272 /* EZRecorder.m in Sources */,
				350FA4E21FA315DD0097EE24 /* main.m in Sources */,
				350FA4F41FA316550097EE24 /* SFImageButton.m in Sources */,
				35A4210C1FB9992100349272 /* EZAudio.m in Sources */,
				350FA4DF1FA315DD0097EE24 /* AppDelegate.m in Sources */,
				35A421141FB9992100349272 /* EZAudioPlot.m in Sources */,
				35A421171FB9992100349272 /* EZMicrophone.m in Sources */,
				35A4210E1FB9992100349272 /* EZAudioDisplayLink.m in Sources */,
				35A421101FB9992100349272 /* EZAudioFile.m in Sources */,
				35A4213C1FBACC1D00349272 /* IPAudioPlayView.m in Sources */,
				35A421181FB9992100349272 /* EZOutput.m in Sources */,
				35A421121FB9992100349272 /* EZAudioFloatData.m in Sources */,
				35A421131FB9992100349272 /* EZAudioPlayer.m in Sources */,
				35A4210F1FB9992100349272 /* EZAudioFFT.m in Sources */,
				35A421151FB9992100349272 /* EZAudioPlotGL.m in Sources */,
				35A421111FB9992100349272 /* EZAudioFloatConverter.m in Sources */,
				350FA5011FA319BE0097EE24 /* ViewFrameAccessor.m in Sources */,
			);
			runOnlyForDeploymentPostprocessing = 0;
		};
/* End PBXSourcesBuildPhase section */

/* Begin PBXVariantGroup section */
		350FA4E81FA315DD0097EE24 /* Main.storyboard */ = {
			isa = PBXVariantGroup;
			children = (
				350FA4E91FA315DD0097EE24 /* Base */,
			);
			name = Main.storyboard;
			sourceTree = "<group>";
		};
/* End PBXVariantGroup section */

/* Begin XCBuildConfiguration section */
		350FA4EC1FA315DD0097EE24 /* Debug */ = {
			isa = XCBuildConfiguration;
			buildSettings = {
				ALWAYS_SEARCH_USER_PATHS = NO;
				CLANG_ANALYZER_NONNULL = YES;
				CLANG_ANALYZER_NUMBER_OBJECT_CONVERSION = YES_AGGRESSIVE;
				CLANG_CXX_LANGUAGE_STANDARD = "gnu++0x";
				CLANG_CXX_LIBRARY = "libc++";
				CLANG_ENABLE_MODULES = YES;
				CLANG_ENABLE_OBJC_ARC = YES;
				CLANG_WARN_BOOL_CONVERSION = YES;
				CLANG_WARN_CONSTANT_CONVERSION = YES;
				CLANG_WARN_DIRECT_OBJC_ISA_USAGE = YES_ERROR;
				CLANG_WARN_DOCUMENTATION_COMMENTS = YES;
				CLANG_WARN_EMPTY_BODY = YES;
				CLANG_WARN_ENUM_CONVERSION = YES;
				CLANG_WARN_INFINITE_RECURSION = YES;
				CLANG_WARN_INT_CONVERSION = YES;
				CLANG_WARN_OBJC_ROOT_CLASS = YES_ERROR;
				CLANG_WARN_SUSPICIOUS_MOVE = YES;
				CLANG_WARN_UNREACHABLE_CODE = YES;
				CLANG_WARN__DUPLICATE_METHOD_MATCH = YES;
				CODE_SIGN_IDENTITY = "-";
				COPY_PHASE_STRIP = NO;
				DEBUG_INFORMATION_FORMAT = dwarf;
				ENABLE_STRICT_OBJC_MSGSEND = YES;
				ENABLE_TESTABILITY = YES;
				GCC_C_LANGUAGE_STANDARD = gnu99;
				GCC_DYNAMIC_NO_PIC = NO;
				GCC_NO_COMMON_BLOCKS = YES;
				GCC_OPTIMIZATION_LEVEL = 0;
				GCC_PREPROCESSOR_DEFINITIONS = (
					"DEBUG=1",
					"$(inherited)",
				);
				GCC_WARN_64_TO_32_BIT_CONVERSION = YES;
				GCC_WARN_ABOUT_RETURN_TYPE = YES_ERROR;
				GCC_WARN_UNDECLARED_SELECTOR = YES;
				GCC_WARN_UNINITIALIZED_AUTOS = YES_AGGRESSIVE;
				GCC_WARN_UNUSED_FUNCTION = YES;
				GCC_WARN_UNUSED_VARIABLE = YES;
				MACOSX_DEPLOYMENT_TARGET = 10.12;
				MTL_ENABLE_DEBUG_INFO = YES;
				ONLY_ACTIVE_ARCH = YES;
				SDKROOT = macosx;
			};
			name = Debug;
		};
		350FA4ED1FA315DD0097EE24 /* Release */ = {
			isa = XCBuildConfiguration;
			buildSettings = {
				ALWAYS_SEARCH_USER_PATHS = NO;
				CLANG_ANALYZER_NONNULL = YES;
				CLANG_ANALYZER_NUMBER_OBJECT_CONVERSION = YES_AGGRESSIVE;
				CLANG_CXX_LANGUAGE_STANDARD = "gnu++0x";
				CLANG_CXX_LIBRARY = "libc++";
				CLANG_ENABLE_MODULES = YES;
				CLANG_ENABLE_OBJC_ARC = YES;
				CLANG_WARN_BOOL_CONVERSION = YES;
				CLANG_WARN_CONSTANT_CONVERSION = YES;
				CLANG_WARN_DIRECT_OBJC_ISA_USAGE = YES_ERROR;
				CLANG_WARN_DOCUMENTATION_COMMENTS = YES;
				CLANG_WARN_EMPTY_BODY = YES;
				CLANG_WARN_ENUM_CONVERSION = YES;
				CLANG_WARN_INFINITE_RECURSION = YES;
				CLANG_WARN_INT_CONVERSION = YES;
				CLANG_WARN_OBJC_ROOT_CLASS = YES_ERROR;
				CLANG_WARN_SUSPICIOUS_MOVE = YES;
				CLANG_WARN_UNREACHABLE_CODE = YES;
				CLANG_WARN__DUPLICATE_METHOD_MATCH = YES;
				CODE_SIGN_IDENTITY = "-";
				COPY_PHASE_STRIP = NO;
				DEBUG_INFORMATION_FORMAT = "dwarf-with-dsym";
				ENABLE_NS_ASSERTIONS = NO;
				ENABLE_STRICT_OBJC_MSGSEND = YES;
				GCC_C_LANGUAGE_STANDARD = gnu99;
				GCC_NO_COMMON_BLOCKS = YES;
				GCC_WARN_64_TO_32_BIT_CONVERSION = YES;
				GCC_WARN_ABOUT_RETURN_TYPE = YES_ERROR;
				GCC_WARN_UNDECLARED_SELECTOR = YES;
				GCC_WARN_UNINITIALIZED_AUTOS = YES_AGGRESSIVE;
				GCC_WARN_UNUSED_FUNCTION = YES;
				GCC_WARN_UNUSED_VARIABLE = YES;
				MACOSX_DEPLOYMENT_TARGET = 10.12;
				MTL_ENABLE_DEBUG_INFO = NO;
				SDKROOT = macosx;
			};
			name = Release;
		};
		350FA4EF1FA315DD0097EE24 /* Debug */ = {
			isa = XCBuildConfiguration;
			buildSettings = {
				ASSETCATALOG_COMPILER_APPICON_NAME = AppIcon;
				COMBINE_HIDPI_IMAGES = YES;
				DEVELOPMENT_TEAM = ET468ENYPG;
				INFOPLIST_FILE = IPRecordAnimationDemo/Info.plist;
				LD_RUNPATH_SEARCH_PATHS = "$(inherited) @executable_path/../Frameworks";
				PRODUCT_BUNDLE_IDENTIFIER = LY.IPRecordAnimationDemo;
				PRODUCT_NAME = "$(TARGET_NAME)";
			};
			name = Debug;
		};
		350FA4F01FA315DD0097EE24 /* Release */ = {
			isa = XCBuildConfiguration;
			buildSettings = {
				ASSETCATALOG_COMPILER_APPICON_NAME = AppIcon;
				COMBINE_HIDPI_IMAGES = YES;
				DEVELOPMENT_TEAM = ET468ENYPG;
				INFOPLIST_FILE = IPRecordAnimationDemo/Info.plist;
				LD_RUNPATH_SEARCH_PATHS = "$(inherited) @executable_path/../Frameworks";
				PRODUCT_BUNDLE_IDENTIFIER = LY.IPRecordAnimationDemo;
				PRODUCT_NAME = "$(TARGET_NAME)";
			};
			name = Release;
		};
/* End XCBuildConfiguration section */

/* Begin XCConfigurationList section */
		350FA4D51FA315DD0097EE24 /* Build configuration list for PBXProject "IPRecordAnimationDemo" */ = {
			isa = XCConfigurationList;
			buildConfigurations = (
				350FA4EC1FA315DD0097EE24 /* Debug */,
				350FA4ED1FA315DD0097EE24 /* Release */,
			);
			defaultConfigurationIsVisible = 0;
			defaultConfigurationName = Release;
		};
		350FA4EE1FA315DD0097EE24 /* Build configuration list for PBXNativeTarget "IPRecordAnimationDemo" */ = {
			isa = XCConfigurationList;
			buildConfigurations = (
				350FA4EF1FA315DD0097EE24 /* Debug */,
				350FA4F01FA315DD0097EE24 /* Release */,
			);
			defaultConfigurationIsVisible = 0;
			defaultConfigurationName = Release;
		};
/* End XCConfigurationList section */
	};
	rootObject = 350FA4D21FA315DD0097EE24 /* Project object */;
}
